
Microsoft Visual Studio Solution File, Format Version 12.00
# Visual Studio Version 16
VisualStudioVersion = 16.0.30225.117
MinimumVisualStudioVersion = 10.0.40219.1
Project("{FAE04EC0-301F-11D3-BF4B-00C04F79EFBC}") = "FAQFunctionApp", "FAQFunctionApp\FAQFunctionApp.csproj", "{EB0ACF0F-F911-465D-9A57-CBF2589580FC}"
EndProject
Global
	GlobalSection(SolutionConfigurationPlatforms) = preSolution
		Debug|Any CPU = Debug|Any CPU
		Release|Any CPU = Release|Any CPU
	EndGlobalSection
	GlobalSection(ProjectConfigurationPlatforms) = postSolution
		{EB0ACF0F-F911-465D-9A57-CBF2589580FC}.Debug|Any CPU.ActiveCfg = Debug|Any CPU
		{EB0ACF0F-F911-465D-9A57-CBF2589580FC}.Debug|Any CPU.Build.0 = Debug|Any CPU
		{EB0ACF0F-F911-465D-9A57-CBF2589580FC}.Release|Any CPU.ActiveCfg = Release|Any CPU
		{EB0ACF0F-F911-465D-9A57-CBF2589580FC}.Release|Any CPU.Build.0 = Release|Any CPU
	EndGlobalSection
	GlobalSection(SolutionProperties) = preSolution
		HideSolutionNode = FALSE
	EndGlobalSection
	GlobalSection(ExtensibilityGlobals) = postSolution
		SolutionGuid = {4B0A4FBC-3A34-438A-A6CD-D4EE01952575}
	EndGlobalSection
EndGlobal
